// !$*UTF8*$!
{
	archiveVersion = 1;
	classes = {
	};
	objectVersion = 56;
	objects = {

/* Begin PBXBuildFile section */
		678AB2C0F5859848EB2E6BBD /* Pods_todoey.framework in Frameworks */ = {isa = PBXBuildFile; fileRef = 29B0DEE30092EEAC31CE4CE9 /* Pods_todoey.framework */; };
		8268021A2A673E2B008852F9 /* SwipeTableViewController.swift in Sources */ = {isa = PBXBuildFile; fileRef = 826802192A673E2B008852F9 /* SwipeTableViewController.swift */; };
		827F99542A6188380046DA68 /* Item.swift in Sources */ = {isa = PBXBuildFile; fileRef = 827F99532A6188380046DA68 /* Item.swift */; };
		827F99562A61884F0046DA68 /* Category.swift in Sources */ = {isa = PBXBuildFile; fileRef = 827F99552A61884F0046DA68 /* Category.swift */; };
		82900BB52A499C2D00810517 /* AppDelegate.swift in Sources */ = {isa = PBXBuildFile; fileRef = 82900BB42A499C2D00810517 /* AppDelegate.swift */; };
		82900BB72A499C2D00810517 /* SceneDelegate.swift in Sources */ = {isa = PBXBuildFile; fileRef = 82900BB62A499C2D00810517 /* SceneDelegate.swift */; };
		82900BB92A499C2D00810517 /* TodoListViewController.swift in Sources */ = {isa = PBXBuildFile; fileRef = 82900BB82A499C2D00810517 /* TodoListViewController.swift */; };
		82900BBC2A499C2D00810517 /* Main.storyboard in Resources */ = {isa = PBXBuildFile; fileRef = 82900BBA2A499C2D00810517 /* Main.storyboard */; };
		82900BBE2A499C2D00810517 /* Assets.xcassets in Resources */ = {isa = PBXBuildFile; fileRef = 82900BBD2A499C2D00810517 /* Assets.xcassets */; };
		82900BC12A499C2D00810517 /* LaunchScreen.storyboard in Resources */ = {isa = PBXBuildFile; fileRef = 82900BBF2A499C2D00810517 /* LaunchScreen.storyboard */; };
		82B905E32A4B66F600CAD26B /* CategoryViewController.swift in Sources */ = {isa = PBXBuildFile; fileRef = 82B905E22A4B66F600CAD26B /* CategoryViewController.swift */; };
		82DA05D02A6C75AE00C4D67C /* CategoryViewModel.swift in Sources */ = {isa = PBXBuildFile; fileRef = 82DA05CF2A6C75AE00C4D67C /* CategoryViewModel.swift */; };
/* End PBXBuildFile section */

/* Begin PBXFileReference section */
		29B0DEE30092EEAC31CE4CE9 /* Pods_todoey.framework */ = {isa = PBXFileReference; explicitFileType = wrapper.framework; includeInIndex = 0; path = Pods_todoey.framework; sourceTree = BUILT_PRODUCTS_DIR; };
		826802192A673E2B008852F9 /* SwipeTableViewController.swift */ = {isa = PBXFileReference; lastKnownFileType = sourcecode.swift; path = SwipeTableViewController.swift; sourceTree = "<group>"; };
		827F99532A6188380046DA68 /* Item.swift */ = {isa = PBXFileReference; lastKnownFileType = sourcecode.swift; path = Item.swift; sourceTree = "<group>"; };
		827F99552A61884F0046DA68 /* Category.swift */ = {isa = PBXFileReference; lastKnownFileType = sourcecode.swift; path = Category.swift; sourceTree = "<group>"; };
		82900BB12A499C2D00810517 /* todoey.app */ = {isa = PBXFileReference; explicitFileType = wrapper.application; includeInIndex = 0; path = todoey.app; sourceTree = BUILT_PRODUCTS_DIR; };
		82900BB42A499C2D00810517 /* AppDelegate.swift */ = {isa = PBXFileReference; lastKnownFileType = sourcecode.swift; path = AppDelegate.swift; sourceTree = "<group>"; };
		82900BB62A499C2D00810517 /* SceneDelegate.swift */ = {isa = PBXFileReference; lastKnownFileType = sourcecode.swift; path = SceneDelegate.swift; sourceTree = "<group>"; };
		82900BB82A499C2D00810517 /* TodoListViewController.swift */ = {isa = PBXFileReference; lastKnownFileType = sourcecode.swift; path = TodoListViewController.swift; sourceTree = "<group>"; };
		82900BBB2A499C2D00810517 /* Base */ = {isa = PBXFileReference; lastKnownFileType = file.storyboard; name = Base; path = Base.lproj/Main.storyboard; sourceTree = "<group>"; };
		82900BBD2A499C2D00810517 /* Assets.xcassets */ = {isa = PBXFileReference; lastKnownFileType = folder.assetcatalog; path = Assets.xcassets; sourceTree = "<group>"; };
		82900BC02A499C2D00810517 /* Base */ = {isa = PBXFileReference; lastKnownFileType = file.storyboard; name = Base; path = Base.lproj/LaunchScreen.storyboard; sourceTree = "<group>"; };
		82900BC22A499C2D00810517 /* Info.plist */ = {isa = PBXFileReference; lastKnownFileType = text.plist.xml; path = Info.plist; sourceTree = "<group>"; };
		82B905E22A4B66F600CAD26B /* CategoryViewController.swift */ = {isa = PBXFileReference; lastKnownFileType = sourcecode.swift; path = CategoryViewController.swift; sourceTree = "<group>"; };
		82DA05CF2A6C75AE00C4D67C /* CategoryViewModel.swift */ = {isa = PBXFileReference; lastKnownFileType = sourcecode.swift; path = CategoryViewModel.swift; sourceTree = "<group>"; };
		B6624A7176AA18F1FC4481F6 /* Pods-todoey.release.xcconfig */ = {isa = PBXFileReference; includeInIndex = 1; lastKnownFileType = text.xcconfig; name = "Pods-todoey.release.xcconfig"; path = "Target Support Files/Pods-todoey/Pods-todoey.release.xcconfig"; sourceTree = "<group>"; };
		DB58E9164BE799E49795CDBC /* Pods-todoey.debug.xcconfig */ = {isa = PBXFileReference; includeInIndex = 1; lastKnownFileType = text.xcconfig; name = "Pods-todoey.debug.xcconfig"; path = "Target Support Files/Pods-todoey/Pods-todoey.debug.xcconfig"; sourceTree = "<group>"; };
/* End PBXFileReference section */

/* Begin PBXFrameworksBuildPhase section */
		82900BAE2A499C2D00810517 /* Frameworks */ = {
			isa = PBXFrameworksBuildPhase;
			buildActionMask = 2147483647;
			files = (
				678AB2C0F5859848EB2E6BBD /* Pods_todoey.framework in Frameworks */,
			);
			runOnlyForDeploymentPostprocessing = 0;
		};
/* End PBXFrameworksBuildPhase section */

/* Begin PBXGroup section */
		6A43DF7EC525D45177F3DFB3 /* Pods */ = {
			isa = PBXGroup;
			children = (
				DB58E9164BE799E49795CDBC /* Pods-todoey.debug.xcconfig */,
				B6624A7176AA18F1FC4481F6 /* Pods-todoey.release.xcconfig */,
			);
			path = Pods;
			sourceTree = "<group>";
		};
		8252D0862A4A029800FC1994 /* Views */ = {
			isa = PBXGroup;
			children = (
				82900BBA2A499C2D00810517 /* Main.storyboard */,
				82B905E22A4B66F600CAD26B /* CategoryViewController.swift */,
			);
			path = Views;
			sourceTree = "<group>";
		};
		8252D0872A4A02AA00FC1994 /* Controllers */ = {
			isa = PBXGroup;
			children = (
				82900BB82A499C2D00810517 /* TodoListViewController.swift */,
				826802192A673E2B008852F9 /* SwipeTableViewController.swift */,
			);
			path = Controllers;
			sourceTree = "<group>";
		};
		827F99522A61881E0046DA68 /* Data Model */ = {
			isa = PBXGroup;
			children = (
				827F99552A61884F0046DA68 /* Category.swift */,
				827F99532A6188380046DA68 /* Item.swift */,
			);
			name = "Data Model";
			sourceTree = "<group>";
		};
		82900BA82A499C2D00810517 = {
			isa = PBXGroup;
			children = (
				82900BB32A499C2D00810517 /* todoey */,
				82900BB22A499C2D00810517 /* Products */,
				6A43DF7EC525D45177F3DFB3 /* Pods */,
				AB3DFBB636D9E6996672E058 /* Frameworks */,
			);
			sourceTree = "<group>";
		};
		82900BB22A499C2D00810517 /* Products */ = {
			isa = PBXGroup;
			children = (
				82900BB12A499C2D00810517 /* todoey.app */,
			);
			name = Products;
			sourceTree = "<group>";
		};
		82900BB32A499C2D00810517 /* todoey */ = {
			isa = PBXGroup;
			children = (
				82900BB42A499C2D00810517 /* AppDelegate.swift */,
				82900BB62A499C2D00810517 /* SceneDelegate.swift */,
				8252D0872A4A02AA00FC1994 /* Controllers */,
				827F99522A61881E0046DA68 /* Data Model */,
				8252D0862A4A029800FC1994 /* Views */,
				82DA05CE2A6C758700C4D67C /* ViewModel */,
				82900BBD2A499C2D00810517 /* Assets.xcassets */,
				82900BBF2A499C2D00810517 /* LaunchScreen.storyboard */,
				82900BC22A499C2D00810517 /* Info.plist */,
			);
			path = todoey;
			sourceTree = "<group>";
		};
		82DA05CE2A6C758700C4D67C /* ViewModel */ = {
			isa = PBXGroup;
			children = (
				82DA05CF2A6C75AE00C4D67C /* CategoryViewModel.swift */,
			);
			path = ViewModel;
			sourceTree = "<group>";
		};
		AB3DFBB636D9E6996672E058 /* Frameworks */ = {
			isa = PBXGroup;
			children = (
				29B0DEE30092EEAC31CE4CE9 /* Pods_todoey.framework */,
			);
			name = Frameworks;
			sourceTree = "<group>";
		};
/* End PBXGroup section */

/* Begin PBXNativeTarget section */
		82900BB02A499C2D00810517 /* todoey */ = {
			isa = PBXNativeTarget;
			buildConfigurationList = 82900BC52A499C2D00810517 /* Build configuration list for PBXNativeTarget "todoey" */;
			buildPhases = (
				E7B241699654B73C77EAC989 /* [CP] Check Pods Manifest.lock */,
				82900BAD2A499C2D00810517 /* Sources */,
				82900BAE2A499C2D00810517 /* Frameworks */,
				82900BAF2A499C2D00810517 /* Resources */,
				9380AB5EE83C0D5C658183AD /* [CP] Embed Pods Frameworks */,
			);
			buildRules = (
			);
			dependencies = (
			);
			name = todoey;
			productName = todoey;
			productReference = 82900BB12A499C2D00810517 /* todoey.app */;
			productType = "com.apple.product-type.application";
		};
/* End PBXNativeTarget section */

/* Begin PBXProject section */
		82900BA92A499C2D00810517 /* Project object */ = {
			isa = PBXProject;
			attributes = {
				BuildIndependentTargetsInParallel = 1;
				LastSwiftUpdateCheck = 1430;
				LastUpgradeCheck = 1430;
				TargetAttributes = {
					82900BB02A499C2D00810517 = {
						CreatedOnToolsVersion = 14.3.1;
					};
				};
			};
			buildConfigurationList = 82900BAC2A499C2D00810517 /* Build configuration list for PBXProject "todoey" */;
			compatibilityVersion = "Xcode 14.0";
			developmentRegion = en;
			hasScannedForEncodings = 0;
			knownRegions = (
				en,
				Base,
			);
			mainGroup = 82900BA82A499C2D00810517;
			productRefGroup = 82900BB22A499C2D00810517 /* Products */;
			projectDirPath = "";
			projectRoot = "";
			targets = (
				82900BB02A499C2D00810517 /* todoey */,
			);
		};
/* End PBXProject section */

/* Begin PBXResourcesBuildPhase section */
		82900BAF2A499C2D00810517 /* Resources */ = {
			isa = PBXResourcesBuildPhase;
			buildActionMask = 2147483647;
			files = (
				82900BC12A499C2D00810517 /* LaunchScreen.storyboard in Resources */,
				82900BBE2A499C2D00810517 /* Assets.xcassets in Resources */,
				82900BBC2A499C2D00810517 /* Main.storyboard in Resources */,
			);
			runOnlyForDeploymentPostprocessing = 0;
		};
/* End PBXResourcesBuildPhase section */

/* Begin PBXShellScriptBuildPhase section */
		9380AB5EE83C0D5C658183AD /* [CP] Embed Pods Frameworks */ = {
			isa = PBXShellScriptBuildPhase;
			buildActionMask = 2147483647;
			files = (
			);
			inputFileListPaths = (
				"${PODS_ROOT}/Target Support Files/Pods-todoey/Pods-todoey-frameworks-${CONFIGURATION}-input-files.xcfilelist",
			);
			name = "[CP] Embed Pods Frameworks";
			outputFileListPaths = (
				"${PODS_ROOT}/Target Support Files/Pods-todoey/Pods-todoey-frameworks-${CONFIGURATION}-output-files.xcfilelist",
			);
			runOnlyForDeploymentPostprocessing = 0;
			shellPath = /bin/sh;
			shellScript = "\"${PODS_ROOT}/Target Support Files/Pods-todoey/Pods-todoey-frameworks.sh\"\n";
			showEnvVarsInLog = 0;
		};
		E7B241699654B73C77EAC989 /* [CP] Check Pods Manifest.lock */ = {
			isa = PBXShellScriptBuildPhase;
			buildActionMask = 2147483647;
			files = (
			);
			inputFileListPaths = (
			);
			inputPaths = (
				"${PODS_PODFILE_DIR_PATH}/Podfile.lock",
				"${PODS_ROOT}/Manifest.lock",
			);
			name = "[CP] Check Pods Manifest.lock";
			outputFileListPaths = (
			);
			outputPaths = (
				"$(DERIVED_FILE_DIR)/Pods-todoey-checkManifestLockResult.txt",
			);
			runOnlyForDeploymentPostprocessing = 0;
			shellPath = /bin/sh;
			shellScript = "diff \"${PODS_PODFILE_DIR_PATH}/Podfile.lock\" \"${PODS_ROOT}/Manifest.lock\" > /dev/null\nif [ $? != 0 ] ; then\n    # print error to STDERR\n    echo \"error: The sandbox is not in sync with the Podfile.lock. Run 'pod install' or update your CocoaPods installation.\" >&2\n    exit 1\nfi\n# This output is used by Xcode 'outputs' to avoid re-running this script phase.\necho \"SUCCESS\" > \"${SCRIPT_OUTPUT_FILE_0}\"\n";
			showEnvVarsInLog = 0;
		};
/* End PBXShellScriptBuildPhase section */

/* Begin PBXSourcesBuildPhase section */
		82900BAD2A499C2D00810517 /* Sources */ = {
			isa = PBXSourcesBuildPhase;
			buildActionMask = 2147483647;
			files = (
				827F99542A6188380046DA68 /* Item.swift in Sources */,
				82B905E32A4B66F600CAD26B /* CategoryViewController.swift in Sources */,
				82900BB92A499C2D00810517 /* TodoListViewController.swift in Sources */,
				82900BB52A499C2D00810517 /* AppDelegate.swift in Sources */,
				82DA05D02A6C75AE00C4D67C /* CategoryViewModel.swift in Sources */,
				82900BB72A499C2D00810517 /* SceneDelegate.swift in Sources */,
				827F99562A61884F0046DA68 /* Category.swift in Sources */,
				8268021A2A673E2B008852F9 /* SwipeTableViewController.swift in Sources */,
			);
			runOnlyForDeploymentPostprocessing = 0;
		};
/* End PBXSourcesBuildPhase section */

/* Begin PBXVariantGroup section */
		82900BBA2A499C2D00810517 /* Main.storyboard */ = {
			isa = PBXVariantGroup;
			children = (
				82900BBB2A499C2D00810517 /* Base */,
			);
			name = Main.storyboard;
			sourceTree = "<group>";
		};
		82900BBF2A499C2D00810517 /* LaunchScreen.storyboard */ = {
			isa = PBXVariantGroup;
			children = (
				82900BC02A499C2D00810517 /* Base */,
			);
			name = LaunchScreen.storyboard;
			sourceTree = "<group>";
		};
/* End PBXVariantGroup section */

/* Begin XCBuildConfiguration section */
		82900BC32A499C2D00810517 /* Debug */ = {
			isa = XCBuildConfiguration;
			buildSettings = {
				ALWAYS_SEARCH_USER_PATHS = NO;
				CLANG_ANALYZER_NONNULL = YES;
				CLANG_ANALYZER_NUMBER_OBJECT_CONVERSION = YES_AGGRESSIVE;
				CLANG_CXX_LANGUAGE_STANDARD = "gnu++20";
				CLANG_ENABLE_MODULES = YES;
				CLANG_ENABLE_OBJC_ARC = YES;
				CLANG_ENABLE_OBJC_WEAK = YES;
				CLANG_WARN_BLOCK_CAPTURE_AUTORELEASING = YES;
				CLANG_WARN_BOOL_CONVERSION = YES;
				CLANG_WARN_COMMA = YES;
				CLANG_WARN_CONSTANT_CONVERSION = YES;
				CLANG_WARN_DEPRECATED_OBJC_IMPLEMENTATIONS = YES;
				CLANG_WARN_DIRECT_OBJC_ISA_USAGE = YES_ERROR;
				CLANG_WARN_DOCUMENTATION_COMMENTS = YES;
				CLANG_WARN_EMPTY_BODY = YES;
				CLANG_WARN_ENUM_CONVERSION = YES;
				CLANG_WARN_INFINITE_RECURSION = YES;
				CLANG_WARN_INT_CONVERSION = YES;
				CLANG_WARN_NON_LITERAL_NULL_CONVERSION = YES;
				CLANG_WARN_OBJC_IMPLICIT_RETAIN_SELF = YES;
				CLANG_WARN_OBJC_LITERAL_CONVERSION = YES;
				CLANG_WARN_OBJC_ROOT_CLASS = YES_ERROR;
				CLANG_WARN_QUOTED_INCLUDE_IN_FRAMEWORK_HEADER = YES;
				CLANG_WARN_RANGE_LOOP_ANALYSIS = YES;
				CLANG_WARN_STRICT_PROTOTYPES = YES;
				CLANG_WARN_SUSPICIOUS_MOVE = YES;
				CLANG_WARN_UNGUARDED_AVAILABILITY = YES_AGGRESSIVE;
				CLANG_WARN_UNREACHABLE_CODE = YES;
				CLANG_WARN__DUPLICATE_METHOD_MATCH = YES;
				COPY_PHASE_STRIP = NO;
				DEBUG_INFORMATION_FORMAT = dwarf;
				ENABLE_STRICT_OBJC_MSGSEND = YES;
				ENABLE_TESTABILITY = YES;
				GCC_C_LANGUAGE_STANDARD = gnu11;
				GCC_DYNAMIC_NO_PIC = NO;
				GCC_NO_COMMON_BLOCKS = YES;
				GCC_OPTIMIZATION_LEVEL = 0;
				GCC_PREPROCESSOR_DEFINITIONS = (
					"DEBUG=1",
					"$(inherited)",
				);
				GCC_WARN_64_TO_32_BIT_CONVERSION = YES;
				GCC_WARN_ABOUT_RETURN_TYPE = YES_ERROR;
				GCC_WARN_UNDECLARED_SELECTOR = YES;
				GCC_WARN_UNINITIALIZED_AUTOS = YES_AGGRESSIVE;
				GCC_WARN_UNUSED_FUNCTION = YES;
				GCC_WARN_UNUSED_VARIABLE = YES;
				IPHONEOS_DEPLOYMENT_TARGET = 16.4;
				MTL_ENABLE_DEBUG_INFO = INCLUDE_SOURCE;
				MTL_FAST_MATH = YES;
				ONLY_ACTIVE_ARCH = YES;
				SDKROOT = iphoneos;
				SWIFT_ACTIVE_COMPILATION_CONDITIONS = DEBUG;
				SWIFT_OPTIMIZATION_LEVEL = "-Onone";
			};
			name = Debug;
		};
		82900BC42A499C2D00810517 /* Release */ = {
			isa = XCBuildConfiguration;
			buildSettings = {
				ALWAYS_SEARCH_USER_PATHS = NO;
				CLANG_ANALYZER_NONNULL = YES;
				CLANG_ANALYZER_NUMBER_OBJECT_CONVERSION = YES_AGGRESSIVE;
				CLANG_CXX_LANGUAGE_STANDARD = "gnu++20";
				CLANG_ENABLE_MODULES = YES;
				CLANG_ENABLE_OBJC_ARC = YES;
				CLANG_ENABLE_OBJC_WEAK = YES;
				CLANG_WARN_BLOCK_CAPTURE_AUTORELEASING = YES;
				CLANG_WARN_BOOL_CONVERSION = YES;
				CLANG_WARN_COMMA = YES;
				CLANG_WARN_CONSTANT_CONVERSION = YES;
				CLANG_WARN_DEPRECATED_OBJC_IMPLEMENTATIONS = YES;
				CLANG_WARN_DIRECT_OBJC_ISA_USAGE = YES_ERROR;
				CLANG_WARN_DOCUMENTATION_COMMENTS = YES;
				CLANG_WARN_EMPTY_BODY = YES;
				CLANG_WARN_ENUM_CONVERSION = YES;
				CLANG_WARN_INFINITE_RECURSION = YES;
				CLANG_WARN_INT_CONVERSION = YES;
				CLANG_WARN_NON_LITERAL_NULL_CONVERSION = YES;
				CLANG_WARN_OBJC_IMPLICIT_RETAIN_SELF = YES;
				CLANG_WARN_OBJC_LITERAL_CONVERSION = YES;
				CLANG_WARN_OBJC_ROOT_CLASS = YES_ERROR;
				CLANG_WARN_QUOTED_INCLUDE_IN_FRAMEWORK_HEADER = YES;
				CLANG_WARN_RANGE_LOOP_ANALYSIS = YES;
				CLANG_WARN_STRICT_PROTOTYPES = YES;
				CLANG_WARN_SUSPICIOUS_MOVE = YES;
				CLANG_WARN_UNGUARDED_AVAILABILITY = YES_AGGRESSIVE;
				CLANG_WARN_UNREACHABLE_CODE = YES;
				CLANG_WARN__DUPLICATE_METHOD_MATCH = YES;
				COPY_PHASE_STRIP = NO;
				DEBUG_INFORMATION_FORMAT = "dwarf-with-dsym";
				ENABLE_NS_ASSERTIONS = NO;
				ENABLE_STRICT_OBJC_MSGSEND = YES;
				GCC_C_LANGUAGE_STANDARD = gnu11;
				GCC_NO_COMMON_BLOCKS = YES;
				GCC_WARN_64_TO_32_BIT_CONVERSION = YES;
				GCC_WARN_ABOUT_RETURN_TYPE = YES_ERROR;
				GCC_WARN_UNDECLARED_SELECTOR = YES;
				GCC_WARN_UNINITIALIZED_AUTOS = YES_AGGRESSIVE;
				GCC_WARN_UNUSED_FUNCTION = YES;
				GCC_WARN_UNUSED_VARIABLE = YES;
				IPHONEOS_DEPLOYMENT_TARGET = 16.4;
				MTL_ENABLE_DEBUG_INFO = NO;
				MTL_FAST_MATH = YES;
				SDKROOT = iphoneos;
				SWIFT_COMPILATION_MODE = wholemodule;
				SWIFT_OPTIMIZATION_LEVEL = "-O";
				VALIDATE_PRODUCT = YES;
			};
			name = Release;
		};
		82900BC62A499C2D00810517 /* Debug */ = {
			isa = XCBuildConfiguration;
			baseConfigurationReference = DB58E9164BE799E49795CDBC /* Pods-todoey.debug.xcconfig */;
			buildSettings = {
				ASSETCATALOG_COMPILER_APPICON_NAME = AppIcon;
				ASSETCATALOG_COMPILER_GLOBAL_ACCENT_COLOR_NAME = AccentColor;
				CODE_SIGN_STYLE = Automatic;
				CURRENT_PROJECT_VERSION = 1;
				DEVELOPMENT_TEAM = S7778RGLA3;
				GENERATE_INFOPLIST_FILE = YES;
				INFOPLIST_FILE = todoey/Info.plist;
				INFOPLIST_KEY_UIApplicationSupportsIndirectInputEvents = YES;
				INFOPLIST_KEY_UILaunchStoryboardName = LaunchScreen;
				INFOPLIST_KEY_UIMainStoryboardFile = Main;
				INFOPLIST_KEY_UISupportedInterfaceOrientations_iPad = "UIInterfaceOrientationPortrait UIInterfaceOrientationPortraitUpsideDown UIInterfaceOrientationLandscapeLeft UIInterfaceOrientationLandscapeRight";
				INFOPLIST_KEY_UISupportedInterfaceOrientations_iPhone = "UIInterfaceOrientationPortrait UIInterfaceOrientationLandscapeLeft UIInterfaceOrientationLandscapeRight";
				LD_RUNPATH_SEARCH_PATHS = (
					"$(inherited)",
					"@executable_path/Frameworks",
				);
				MARKETING_VERSION = 1.0;
				PRODUCT_BUNDLE_IDENTIFIER = mehmettalhairmak.todoey;
				PRODUCT_NAME = "$(TARGET_NAME)";
				SWIFT_EMIT_LOC_STRINGS = YES;
				SWIFT_VERSION = 5.0;
				TARGETED_DEVICE_FAMILY = "1,2";
			};
			name = Debug;
		};
		82900BC72A499C2D00810517 /* Release */ = {
			isa = XCBuildConfiguration;
			baseConfigurationReference = B6624A7176AA18F1FC4481F6 /* Pods-todoey.release.xcconfig */;
			buildSettings = {
				ASSETCATALOG_COMPILER_APPICON_NAME = AppIcon;
				ASSETCATALOG_COMPILER_GLOBAL_ACCENT_COLOR_NAME = AccentColor;
				CODE_SIGN_STYLE = Automatic;
				CURRENT_PROJECT_VERSION = 1;
				DEVELOPMENT_TEAM = S7778RGLA3;
				GENERATE_INFOPLIST_FILE = YES;
				INFOPLIST_FILE = todoey/Info.plist;
				INFOPLIST_KEY_UIApplicationSupportsIndirectInputEvents = YES;
				INFOPLIST_KEY_UILaunchStoryboardName = LaunchScreen;
				INFOPLIST_KEY_UIMainStoryboardFile = Main;
				INFOPLIST_KEY_UISupportedInterfaceOrientations_iPad = "UIInterfaceOrientationPortrait UIInterfaceOrientationPortraitUpsideDown UIInterfaceOrientationLandscapeLeft UIInterfaceOrientationLandscapeRight";
				INFOPLIST_KEY_UISupportedInterfaceOrientations_iPhone = "UIInterfaceOrientationPortrait UIInterfaceOrientationLandscapeLeft UIInterfaceOrientationLandscapeRight";
				LD_RUNPATH_SEARCH_PATHS = (
					"$(inherited)",
					"@executable_path/Frameworks",
				);
				MARKETING_VERSION = 1.0;
				PRODUCT_BUNDLE_IDENTIFIER = mehmettalhairmak.todoey;
				PRODUCT_NAME = "$(TARGET_NAME)";
				SWIFT_EMIT_LOC_STRINGS = YES;
				SWIFT_VERSION = 5.0;
				TARGETED_DEVICE_FAMILY = "1,2";
			};
			name = Release;
		};
/* End XCBuildConfiguration section */

/* Begin XCConfigurationList section */
		82900BAC2A499C2D00810517 /* Build configuration list for PBXProject "todoey" */ = {
			isa = XCConfigurationList;
			buildConfigurations = (
				82900BC32A499C2D00810517 /* Debug */,
				82900BC42A499C2D00810517 /* Release */,
			);
			defaultConfigurationIsVisible = 0;
			defaultConfigurationName = Release;
		};
		82900BC52A499C2D00810517 /* Build configuration list for PBXNativeTarget "todoey" */ = {
			isa = XCConfigurationList;
			buildConfigurations = (
				82900BC62A499C2D00810517 /* Debug */,
				82900BC72A499C2D00810517 /* Release */,
			);
			defaultConfigurationIsVisible = 0;
			defaultConfigurationName = Release;
		};
/* End XCConfigurationList section */
	};
	rootObject = 82900BA92A499C2D00810517 /* Project object */;
}
